{
  "name": "bot-bash",
  "version": "1.0.0",
  "lockfileVersion": 1,
  "requires": true,
  "dependencies": {
    "for-in": {
      "version": "1.0.2",
      "resolved": "https://registry.npmjs.org/for-in/-/for-in-1.0.2.tgz",
      "integrity": "sha1-gQaNKVqBQuwKxybG4iAMMPttXoA="
    },
    "for-own": {
      "version": "1.0.0",
      "resolved": "https://registry.npmjs.org/for-own/-/for-own-1.0.0.tgz",
      "integrity": "sha1-xjMy9BXO3EsE2/5wz4NklMU8tEs=",
      "requires": {
        "for-in": "1.0.2"
      }
    },
    "kind-of": {
      "version": "6.0.2",
      "resolved": "https://registry.npmjs.org/kind-of/-/kind-of-6.0.2.tgz",
      "integrity": "sha512-s5kLOcnH0XqDO+FvuaLX8DDjZ18CGFk7VygH40QoKPUQhW4e2rvM0rwUq0t8IQDOwYSeLK01U90OjzBTme2QqA=="
    },
    "make-iterator": {
      "version": "1.0.1",
      "resolved": "https://registry.npmjs.org/make-iterator/-/make-iterator-1.0.1.tgz",
      "integrity": "sha512-pxiuXh0iVEq7VM7KMIhs5gxsfxCux2URptUQaXo4iZZJxBAzTPOLE2BumO5dbfVYq/hBJFBR/a1mFDmOx5AGmw==",
      "requires": {
        "kind-of": "6.0.2"
      }
    },
    "object-sort": {
      "version": "0.0.6",
      "resolved": "https://registry.npmjs.org/object-sort/-/object-sort-0.0.6.tgz",
      "integrity": "sha1-gp9wfdCvpQp3BavOxNrAKQCULOU="
    },
    "object.filter": {
      "version": "0.3.0",
      "resolved": "https://registry.npmjs.org/object.filter/-/object.filter-0.3.0.tgz",
      "integrity": "sha1-EJHGk5S0T5bZ1jVt0IeFAorWv/k=",
      "requires": {
        "for-own": "0.1.5",
        "make-iterator": "0.1.1"
      },
      "dependencies": {
        "for-own": {
          "version": "0.1.5",
          "resolved": "https://registry.npmjs.org/for-own/-/for-own-0.1.5.tgz",
          "integrity": "sha1-UmXGgaTylNq78XyVCbZ2OqhFEM4=",
          "requires": {
            "for-in": "1.0.2"
          }
        },
        "make-iterator": {
          "version": "0.1.1",
          "resolved": "https://registry.npmjs.org/make-iterator/-/make-iterator-0.1.1.tgz",
          "integrity": "sha1-hz0nuBmKRlqBSDtvXRbaToY+z1s=",
          "requires": {
            "for-own": "0.1.5"
          }
        }
      }
    },
    "object.map": {
      "version": "1.0.1",
      "resolved": "https://registry.npmjs.org/object.map/-/object.map-1.0.1.tgz",
      "integrity": "sha1-z4Plncj8wK1fQlDh94s7gb2AHTc=",
      "requires": {
        "for-own": "1.0.0",
        "make-iterator": "1.0.1"
      }
    },
    "object.reduce": {
      "version": "1.0.1",
      "resolved": "https://registry.npmjs.org/object.reduce/-/object.reduce-1.0.1.tgz",
      "integrity": "sha1-b+NI8qx/oPlcpiEiZZkJaCW7A60=",
      "requires": {
        "for-own": "1.0.0",
        "make-iterator": "1.0.1"
      }
    }
  }
}
